
Microsoft Visual Studio Solution File, Format Version 12.00
# Visual Studio 15
VisualStudioVersion = 15.0.27004.2008
MinimumVisualStudioVersion = 10.0.40219.1
Project("{FAE04EC0-301F-11D3-BF4B-00C04F79EFBC}") = "Recursividade", "Recursividade\Recursividade.csproj", "{DF4A8A47-8518-4B6F-87A7-BA9FB1D3A5E6}"
EndProject
Global
	GlobalSection(SolutionConfigurationPlatforms) = preSolution
		Debug|Any CPU = Debug|Any CPU
		Release|Any CPU = Release|Any CPU
	EndGlobalSection
	GlobalSection(ProjectConfigurationPlatforms) = postSolution
		{DF4A8A47-8518-4B6F-87A7-BA9FB1D3A5E6}.Debug|Any CPU.ActiveCfg = Debug|Any CPU
		{DF4A8A47-8518-4B6F-87A7-BA9FB1D3A5E6}.Debug|Any CPU.Build.0 = Debug|Any CPU
		{DF4A8A47-8518-4B6F-87A7-BA9FB1D3A5E6}.Release|Any CPU.ActiveCfg = Release|Any CPU
		{DF4A8A47-8518-4B6F-87A7-BA9FB1D3A5E6}.Release|Any CPU.Build.0 = Release|Any CPU
	EndGlobalSection
	GlobalSection(SolutionProperties) = preSolution
		HideSolutionNode = FALSE
	EndGlobalSection
	GlobalSection(ExtensibilityGlobals) = postSolution
		SolutionGuid = {92048D5C-DB68-428E-B9EC-66F85E2643FC}
	EndGlobalSection
EndGlobal
